
Microsoft Visual Studio Solution File, Format Version 12.00
# Visual Studio 14
VisualStudioVersion = 14.0.25123.0
MinimumVisualStudioVersion = 10.0.40219.1
Project("{FAE04EC0-301F-11D3-BF4B-00C04F79EFBC}") = "XamarinMapSample.Droid", "XamarinMapSample\XamarinMapSample.Droid\XamarinMapSample.Droid.csproj", "{44A6145E-98FD-43AC-89CD-A52E3EFA5C99}"
	ProjectSection(ProjectDependencies) = postProject
		{6E4A5DF3-8291-435F-B395-5DF0F69C9898} = {6E4A5DF3-8291-435F-B395-5DF0F69C9898}
	EndProjectSection
EndProject
Project("{FAE04EC0-301F-11D3-BF4B-00C04F79EFBC}") = "XamarinMapSample.iOS", "XamarinMapSample\XamarinMapSample.iOS\XamarinMapSample.iOS.csproj", "{6E4A5DF3-8291-435F-B395-5DF0F69C9898}"
EndProject
Project("{FAE04EC0-301F-11D3-BF4B-00C04F79EFBC}") = "XamarinMapSample", "XamarinMapSample\XamarinMapSample\XamarinMapSample.csproj", "{0EB2E28B-7B0B-4962-BCDA-F6D18F71332A}"
EndProject
Global
	GlobalSection(SolutionConfigurationPlatforms) = preSolution
		Ad-Hoc|Any CPU = Ad-Hoc|Any CPU
		Ad-Hoc|ARM = Ad-Hoc|ARM
		Ad-Hoc|iPhone = Ad-Hoc|iPhone
		Ad-Hoc|iPhoneSimulator = Ad-Hoc|iPhoneSimulator
		Ad-Hoc|x64 = Ad-Hoc|x64
		Ad-Hoc|x86 = Ad-Hoc|x86
		AppStore|Any CPU = AppStore|Any CPU
		AppStore|ARM = AppStore|ARM
		AppStore|iPhone = AppStore|iPhone
		AppStore|iPhoneSimulator = AppStore|iPhoneSimulator
		AppStore|x64 = AppStore|x64
		AppStore|x86 = AppStore|x86
		Debug|Any CPU = Debug|Any CPU
		Debug|ARM = Debug|ARM
		Debug|iPhone = Debug|iPhone
		Debug|iPhoneSimulator = Debug|iPhoneSimulator
		Debug|x64 = Debug|x64
		Debug|x86 = Debug|x86
		Release|Any CPU = Release|Any CPU
		Release|ARM = Release|ARM
		Release|iPhone = Release|iPhone
		Release|iPhoneSimulator = Release|iPhoneSimulator
		Release|x64 = Release|x64
		Release|x86 = Release|x86
	EndGlobalSection
	GlobalSection(ProjectConfigurationPlatforms) = postSolution
		{44A6145E-98FD-43AC-89CD-A52E3EFA5C99}.Ad-Hoc|Any CPU.ActiveCfg = Release|Any CPU
		{44A6145E-98FD-43AC-89CD-A52E3EFA5C99}.Ad-Hoc|Any CPU.Build.0 = Release|Any CPU
		{44A6145E-98FD-43AC-89CD-A52E3EFA5C99}.Ad-Hoc|Any CPU.Deploy.0 = Release|Any CPU
		{44A6145E-98FD-43AC-89CD-A52E3EFA5C99}.Ad-Hoc|ARM.ActiveCfg = Release|Any CPU
		{44A6145E-98FD-43AC-89CD-A52E3EFA5C99}.Ad-Hoc|ARM.Build.0 = Release|Any CPU
		{44A6145E-98FD-43AC-89CD-A52E3EFA5C99}.Ad-Hoc|ARM.Deploy.0 = Release|Any CPU
		{44A6145E-98FD-43AC-89CD-A52E3EFA5C99}.Ad-Hoc|iPhone.ActiveCfg = Release|Any CPU
		{44A6145E-98FD-43AC-89CD-A52E3EFA5C99}.Ad-Hoc|iPhone.Build.0 = Release|Any CPU
		{44A6145E-98FD-43AC-89CD-A52E3EFA5C99}.Ad-Hoc|iPhone.Deploy.0 = Release|Any CPU
		{44A6145E-98FD-43AC-89CD-A52E3EFA5C99}.Ad-Hoc|iPhoneSimulator.ActiveCfg = Release|Any CPU
		{44A6145E-98FD-43AC-89CD-A52E3EFA5C99}.Ad-Hoc|iPhoneSimulator.Build.0 = Release|Any CPU
		{44A6145E-98FD-43AC-89CD-A52E3EFA5C99}.Ad-Hoc|iPhoneSimulator.Deploy.0 = Release|Any CPU
		{44A6145E-98FD-43AC-89CD-A52E3EFA5C99}.Ad-Hoc|x64.ActiveCfg = Release|Any CPU
		{44A6145E-98FD-43AC-89CD-A52E3EFA5C99}.Ad-Hoc|x64.Build.0 = Release|Any CPU
		{44A6145E-98FD-43AC-89CD-A52E3EFA5C99}.Ad-Hoc|x64.Deploy.0 = Release|Any CPU
		{44A6145E-98FD-43AC-89CD-A52E3EFA5C99}.Ad-Hoc|x86.ActiveCfg = Release|Any CPU
		{44A6145E-98FD-43AC-89CD-A52E3EFA5C99}.Ad-Hoc|x86.Build.0 = Release|Any CPU
		{44A6145E-98FD-43AC-89CD-A52E3EFA5C99}.Ad-Hoc|x86.Deploy.0 = Release|Any CPU
		{44A6145E-98FD-43AC-89CD-A52E3EFA5C99}.AppStore|Any CPU.ActiveCfg = Release|Any CPU
		{44A6145E-98FD-43AC-89CD-A52E3EFA5C99}.AppStore|Any CPU.Build.0 = Release|Any CPU
		{44A6145E-98FD-43AC-89CD-A52E3EFA5C99}.AppStore|Any CPU.Deploy.0 = Release|Any CPU
		{44A6145E-98FD-43AC-89CD-A52E3EFA5C99}.AppStore|ARM.ActiveCfg = Release|Any CPU
		{44A6145E-98FD-43AC-89CD-A52E3EFA5C99}.AppStore|ARM.Build.0 = Release|Any CPU
		{44A6145E-98FD-43AC-89CD-A52E3EFA5C99}.AppStore|ARM.Deploy.0 = Release|Any CPU
		{44A6145E-98FD-43AC-89CD-A52E3EFA5C99}.AppStore|iPhone.ActiveCfg = Release|Any CPU
		{44A6145E-98FD-43AC-89CD-A52E3EFA5C99}.AppStore|iPhone.Build.0 = Release|Any CPU
		{44A6145E-98FD-43AC-89CD-A52E3EFA5C99}.AppStore|iPhone.Deploy.0 = Release|Any CPU
		{44A6145E-98FD-43AC-89CD-A52E3EFA5C99}.AppStore|iPhoneSimulator.ActiveCfg = Release|Any CPU
		{44A6145E-98FD-43AC-89CD-A52E3EFA5C99}.AppStore|iPhoneSimulator.Build.0 = Release|Any CPU
		{44A6145E-98FD-43AC-89CD-A52E3EFA5C99}.AppStore|iPhoneSimulator.Deploy.0 = Release|Any CPU
		{44A6145E-98FD-43AC-89CD-A52E3EFA5C99}.AppStore|x64.ActiveCfg = Release|Any CPU
		{44A6145E-98FD-43AC-89CD-A52E3EFA5C99}.AppStore|x64.Build.0 = Release|Any CPU
		{44A6145E-98FD-43AC-89CD-A52E3EFA5C99}.AppStore|x64.Deploy.0 = Release|Any CPU
		{44A6145E-98FD-43AC-89CD-A52E3EFA5C99}.AppStore|x86.ActiveCfg = Release|Any CPU
		{44A6145E-98FD-43AC-89CD-A52E3EFA5C99}.AppStore|x86.Build.0 = Release|Any CPU
		{44A6145E-98FD-43AC-89CD-A52E3EFA5C99}.AppStore|x86.Deploy.0 = Release|Any CPU
		{44A6145E-98FD-43AC-89CD-A52E3EFA5C99}.Debug|Any CPU.ActiveCfg = Debug|Any CPU
		{44A6145E-98FD-43AC-89CD-A52E3EFA5C99}.Debug|Any CPU.Build.0 = Debug|Any CPU
		{44A6145E-98FD-43AC-89CD-A52E3EFA5C99}.Debug|Any CPU.Deploy.0 = Debug|Any CPU
		{44A6145E-98FD-43AC-89CD-A52E3EFA5C99}.Debug|ARM.ActiveCfg = Debug|Any CPU
		{44A6145E-98FD-43AC-89CD-A52E3EFA5C99}.Debug|ARM.Build.0 = Debug|Any CPU
		{44A6145E-98FD-43AC-89CD-A52E3EFA5C99}.Debug|ARM.Deploy.0 = Debug|Any CPU
		{44A6145E-98FD-43AC-89CD-A52E3EFA5C99}.Debug|iPhone.ActiveCfg = Debug|Any CPU
		{44A6145E-98FD-43AC-89CD-A52E3EFA5C99}.Debug|iPhone.Build.0 = Debug|Any CPU
		{44A6145E-98FD-43AC-89CD-A52E3EFA5C99}.Debug|iPhone.Deploy.0 = Debug|Any CPU
		{44A6145E-98FD-43AC-89CD-A52E3EFA5C99}.Debug|iPhoneSimulator.ActiveCfg = Debug|Any CPU
		{44A6145E-98FD-43AC-89CD-A52E3EFA5C99}.Debug|iPhoneSimulator.Build.0 = Debug|Any CPU
		{44A6145E-98FD-43AC-89CD-A52E3EFA5C99}.Debug|iPhoneSimulator.Deploy.0 = Debug|Any CPU
		{44A6145E-98FD-43AC-89CD-A52E3EFA5C99}.Debug|x64.ActiveCfg = Debug|Any CPU
		{44A6145E-98FD-43AC-89CD-A52E3EFA5C99}.Debug|x64.Build.0 = Debug|Any CPU
		{44A6145E-98FD-43AC-89CD-A52E3EFA5C99}.Debug|x64.Deploy.0 = Debug|Any CPU
		{44A6145E-98FD-43AC-89CD-A52E3EFA5C99}.Debug|x86.ActiveCfg = Debug|Any CPU
		{44A6145E-98FD-43AC-89CD-A52E3EFA5C99}.Debug|x86.Build.0 = Debug|Any CPU
		{44A6145E-98FD-43AC-89CD-A52E3EFA5C99}.Debug|x86.Deploy.0 = Debug|Any CPU
		{44A6145E-98FD-43AC-89CD-A52E3EFA5C99}.Release|Any CPU.ActiveCfg = Release|Any CPU
		{44A6145E-98FD-43AC-89CD-A52E3EFA5C99}.Release|Any CPU.Build.0 = Release|Any CPU
		{44A6145E-98FD-43AC-89CD-A52E3EFA5C99}.Release|Any CPU.Deploy.0 = Release|Any CPU
		{44A6145E-98FD-43AC-89CD-A52E3EFA5C99}.Release|ARM.ActiveCfg = Release|Any CPU
		{44A6145E-98FD-43AC-89CD-A52E3EFA5C99}.Release|ARM.Build.0 = Release|Any CPU
		{44A6145E-98FD-43AC-89CD-A52E3EFA5C99}.Release|ARM.Deploy.0 = Release|Any CPU
		{44A6145E-98FD-43AC-89CD-A52E3EFA5C99}.Release|iPhone.ActiveCfg = Release|Any CPU
		{44A6145E-98FD-43AC-89CD-A52E3EFA5C99}.Release|iPhone.Build.0 = Release|Any CPU
		{44A6145E-98FD-43AC-89CD-A52E3EFA5C99}.Release|iPhone.Deploy.0 = Release|Any CPU
		{44A6145E-98FD-43AC-89CD-A52E3EFA5C99}.Release|iPhoneSimulator.ActiveCfg = Release|Any CPU
		{44A6145E-98FD-43AC-89CD-A52E3EFA5C99}.Release|iPhoneSimulator.Build.0 = Release|Any CPU
		{44A6145E-98FD-43AC-89CD-A52E3EFA5C99}.Release|iPhoneSimulator.Deploy.0 = Release|Any CPU
		{44A6145E-98FD-43AC-89CD-A52E3EFA5C99}.Release|x64.ActiveCfg = Release|Any CPU
		{44A6145E-98FD-43AC-89CD-A52E3EFA5C99}.Release|x64.Build.0 = Release|Any CPU
		{44A6145E-98FD-43AC-89CD-A52E3EFA5C99}.Release|x64.Deploy.0 = Release|Any CPU
		{44A6145E-98FD-43AC-89CD-A52E3EFA5C99}.Release|x86.ActiveCfg = Release|Any CPU
		{44A6145E-98FD-43AC-89CD-A52E3EFA5C99}.Release|x86.Build.0 = Release|Any CPU
		{44A6145E-98FD-43AC-89CD-A52E3EFA5C99}.Release|x86.Deploy.0 = Release|Any CPU
		{6E4A5DF3-8291-435F-B395-5DF0F69C9898}.Ad-Hoc|Any CPU.ActiveCfg = Ad-Hoc|iPhone
		{6E4A5DF3-8291-435F-B395-5DF0F69C9898}.Ad-Hoc|ARM.ActiveCfg = Ad-Hoc|iPhone
		{6E4A5DF3-8291-435F-B395-5DF0F69C9898}.Ad-Hoc|iPhone.ActiveCfg = Ad-Hoc|iPhone
		{6E4A5DF3-8291-435F-B395-5DF0F69C9898}.Ad-Hoc|iPhone.Build.0 = Ad-Hoc|iPhone
		{6E4A5DF3-8291-435F-B395-5DF0F69C9898}.Ad-Hoc|iPhoneSimulator.ActiveCfg = Ad-Hoc|iPhoneSimulator
		{6E4A5DF3-8291-435F-B395-5DF0F69C9898}.Ad-Hoc|iPhoneSimulator.Build.0 = Ad-Hoc|iPhoneSimulator
		{6E4A5DF3-8291-435F-B395-5DF0F69C9898}.Ad-Hoc|x64.ActiveCfg = Ad-Hoc|iPhone
		{6E4A5DF3-8291-435F-B395-5DF0F69C9898}.Ad-Hoc|x86.ActiveCfg = Ad-Hoc|iPhone
		{6E4A5DF3-8291-435F-B395-5DF0F69C9898}.AppStore|Any CPU.ActiveCfg = AppStore|iPhone
		{6E4A5DF3-8291-435F-B395-5DF0F69C9898}.AppStore|ARM.ActiveCfg = AppStore|iPhone
		{6E4A5DF3-8291-435F-B395-5DF0F69C9898}.AppStore|iPhone.ActiveCfg = AppStore|iPhone
		{6E4A5DF3-8291-435F-B395-5DF0F69C9898}.AppStore|iPhone.Build.0 = AppStore|iPhone
		{6E4A5DF3-8291-435F-B395-5DF0F69C9898}.AppStore|iPhoneSimulator.ActiveCfg = AppStore|iPhoneSimulator
		{6E4A5DF3-8291-435F-B395-5DF0F69C9898}.AppStore|iPhoneSimulator.Build.0 = AppStore|iPhoneSimulator
		{6E4A5DF3-8291-435F-B395-5DF0F69C9898}.AppStore|x64.ActiveCfg = AppStore|iPhone
		{6E4A5DF3-8291-435F-B395-5DF0F69C9898}.AppStore|x86.ActiveCfg = AppStore|iPhone
		{6E4A5DF3-8291-435F-B395-5DF0F69C9898}.Debug|Any CPU.ActiveCfg = Debug|iPhone
		{6E4A5DF3-8291-435F-B395-5DF0F69C9898}.Debug|Any CPU.Build.0 = Debug|iPhone
		{6E4A5DF3-8291-435F-B395-5DF0F69C9898}.Debug|ARM.ActiveCfg = Debug|iPhone
		{6E4A5DF3-8291-435F-B395-5DF0F69C9898}.Debug|iPhone.ActiveCfg = Debug|iPhone
		{6E4A5DF3-8291-435F-B395-5DF0F69C9898}.Debug|iPhone.Build.0 = Debug|iPhone
		{6E4A5DF3-8291-435F-B395-5DF0F69C9898}.Debug|iPhoneSimulator.ActiveCfg = Debug|iPhoneSimulator
		{6E4A5DF3-8291-435F-B395-5DF0F69C9898}.Debug|iPhoneSimulator.Build.0 = Debug|iPhoneSimulator
		{6E4A5DF3-8291-435F-B395-5DF0F69C9898}.Debug|x64.ActiveCfg = Debug|iPhone
		{6E4A5DF3-8291-435F-B395-5DF0F69C9898}.Debug|x86.ActiveCfg = Debug|iPhone
		{6E4A5DF3-8291-435F-B395-5DF0F69C9898}.Release|Any CPU.ActiveCfg = Release|iPhone
		{6E4A5DF3-8291-435F-B395-5DF0F69C9898}.Release|ARM.ActiveCfg = Release|iPhone
		{6E4A5DF3-8291-435F-B395-5DF0F69C9898}.Release|iPhone.ActiveCfg = Release|iPhone
		{6E4A5DF3-8291-435F-B395-5DF0F69C9898}.Release|iPhone.Build.0 = Release|iPhone
		{6E4A5DF3-8291-435F-B395-5DF0F69C9898}.Release|iPhoneSimulator.ActiveCfg = Release|iPhoneSimulator
		{6E4A5DF3-8291-435F-B395-5DF0F69C9898}.Release|iPhoneSimulator.Build.0 = Release|iPhoneSimulator
		{6E4A5DF3-8291-435F-B395-5DF0F69C9898}.Release|x64.ActiveCfg = Release|iPhone
		{6E4A5DF3-8291-435F-B395-5DF0F69C9898}.Release|x86.ActiveCfg = Release|iPhone
		{0EB2E28B-7B0B-4962-BCDA-F6D18F71332A}.Ad-Hoc|Any CPU.ActiveCfg = Release|Any CPU
		{0EB2E28B-7B0B-4962-BCDA-F6D18F71332A}.Ad-Hoc|Any CPU.Build.0 = Release|Any CPU
		{0EB2E28B-7B0B-4962-BCDA-F6D18F71332A}.Ad-Hoc|ARM.ActiveCfg = Release|Any CPU
		{0EB2E28B-7B0B-4962-BCDA-F6D18F71332A}.Ad-Hoc|ARM.Build.0 = Release|Any CPU
		{0EB2E28B-7B0B-4962-BCDA-F6D18F71332A}.Ad-Hoc|iPhone.ActiveCfg = Release|Any CPU
		{0EB2E28B-7B0B-4962-BCDA-F6D18F71332A}.Ad-Hoc|iPhone.Build.0 = Release|Any CPU
		{0EB2E28B-7B0B-4962-BCDA-F6D18F71332A}.Ad-Hoc|iPhoneSimulator.ActiveCfg = Release|Any CPU
		{0EB2E28B-7B0B-4962-BCDA-F6D18F71332A}.Ad-Hoc|iPhoneSimulator.Build.0 = Release|Any CPU
		{0EB2E28B-7B0B-4962-BCDA-F6D18F71332A}.Ad-Hoc|x64.ActiveCfg = Release|Any CPU
		{0EB2E28B-7B0B-4962-BCDA-F6D18F71332A}.Ad-Hoc|x64.Build.0 = Release|Any CPU
		{0EB2E28B-7B0B-4962-BCDA-F6D18F71332A}.Ad-Hoc|x86.ActiveCfg = Release|Any CPU
		{0EB2E28B-7B0B-4962-BCDA-F6D18F71332A}.Ad-Hoc|x86.Build.0 = Release|Any CPU
		{0EB2E28B-7B0B-4962-BCDA-F6D18F71332A}.AppStore|Any CPU.ActiveCfg = Release|Any CPU
		{0EB2E28B-7B0B-4962-BCDA-F6D18F71332A}.AppStore|Any CPU.Build.0 = Release|Any CPU
		{0EB2E28B-7B0B-4962-BCDA-F6D18F71332A}.AppStore|ARM.ActiveCfg = Release|Any CPU
		{0EB2E28B-7B0B-4962-BCDA-F6D18F71332A}.AppStore|ARM.Build.0 = Release|Any CPU
		{0EB2E28B-7B0B-4962-BCDA-F6D18F71332A}.AppStore|iPhone.ActiveCfg = Release|Any CPU
		{0EB2E28B-7B0B-4962-BCDA-F6D18F71332A}.AppStore|iPhone.Build.0 = Release|Any CPU
		{0EB2E28B-7B0B-4962-BCDA-F6D18F71332A}.AppStore|iPhoneSimulator.ActiveCfg = Release|Any CPU
		{0EB2E28B-7B0B-4962-BCDA-F6D18F71332A}.AppStore|iPhoneSimulator.Build.0 = Release|Any CPU
		{0EB2E28B-7B0B-4962-BCDA-F6D18F71332A}.AppStore|x64.ActiveCfg = Release|Any CPU
		{0EB2E28B-7B0B-4962-BCDA-F6D18F71332A}.AppStore|x64.Build.0 = Release|Any CPU
		{0EB2E28B-7B0B-4962-BCDA-F6D18F71332A}.AppStore|x86.ActiveCfg = Release|Any CPU
		{0EB2E28B-7B0B-4962-BCDA-F6D18F71332A}.AppStore|x86.Build.0 = Release|Any CPU
		{0EB2E28B-7B0B-4962-BCDA-F6D18F71332A}.Debug|Any CPU.ActiveCfg = Debug|Any CPU
		{0EB2E28B-7B0B-4962-BCDA-F6D18F71332A}.Debug|Any CPU.Build.0 = Debug|Any CPU
		{0EB2E28B-7B0B-4962-BCDA-F6D18F71332A}.Debug|ARM.ActiveCfg = Debug|Any CPU
		{0EB2E28B-7B0B-4962-BCDA-F6D18F71332A}.Debug|ARM.Build.0 = Debug|Any CPU
		{0EB2E28B-7B0B-4962-BCDA-F6D18F71332A}.Debug|iPhone.ActiveCfg = Debug|Any CPU
		{0EB2E28B-7B0B-4962-BCDA-F6D18F71332A}.Debug|iPhone.Build.0 = Debug|Any CPU
		{0EB2E28B-7B0B-4962-BCDA-F6D18F71332A}.Debug|iPhoneSimulator.ActiveCfg = Debug|Any CPU
		{0EB2E28B-7B0B-4962-BCDA-F6D18F71332A}.Debug|iPhoneSimulator.Build.0 = Debug|Any CPU
		{0EB2E28B-7B0B-4962-BCDA-F6D18F71332A}.Debug|x64.ActiveCfg = Debug|Any CPU
		{0EB2E28B-7B0B-4962-BCDA-F6D18F71332A}.Debug|x64.Build.0 = Debug|Any CPU
		{0EB2E28B-7B0B-4962-BCDA-F6D18F71332A}.Debug|x86.ActiveCfg = Debug|Any CPU
		{0EB2E28B-7B0B-4962-BCDA-F6D18F71332A}.Debug|x86.Build.0 = Debug|Any CPU
		{0EB2E28B-7B0B-4962-BCDA-F6D18F71332A}.Release|Any CPU.ActiveCfg = Release|Any CPU
		{0EB2E28B-7B0B-4962-BCDA-F6D18F71332A}.Release|Any CPU.Build.0 = Release|Any CPU
		{0EB2E28B-7B0B-4962-BCDA-F6D18F71332A}.Release|ARM.ActiveCfg = Release|Any CPU
		{0EB2E28B-7B0B-4962-BCDA-F6D18F71332A}.Release|ARM.Build.0 = Release|Any CPU
		{0EB2E28B-7B0B-4962-BCDA-F6D18F71332A}.Release|iPhone.ActiveCfg = Release|Any CPU
		{0EB2E28B-7B0B-4962-BCDA-F6D18F71332A}.Release|iPhone.Build.0 = Release|Any CPU
		{0EB2E28B-7B0B-4962-BCDA-F6D18F71332A}.Release|iPhoneSimulator.ActiveCfg = Release|Any CPU
		{0EB2E28B-7B0B-4962-BCDA-F6D18F71332A}.Release|iPhoneSimulator.Build.0 = Release|Any CPU
		{0EB2E28B-7B0B-4962-BCDA-F6D18F71332A}.Release|x64.ActiveCfg = Release|Any CPU
		{0EB2E28B-7B0B-4962-BCDA-F6D18F71332A}.Release|x64.Build.0 = Release|Any CPU
		{0EB2E28B-7B0B-4962-BCDA-F6D18F71332A}.Release|x86.ActiveCfg = Release|Any CPU
		{0EB2E28B-7B0B-4962-BCDA-F6D18F71332A}.Release|x86.Build.0 = Release|Any CPU
	EndGlobalSection
	GlobalSection(SolutionProperties) = preSolution
		HideSolutionNode = FALSE
	EndGlobalSection
EndGlobal
